dependencies:
- name: rabbitmq
  repository: https://charts.bitnami.com/bitnami
  version: 16.0.11
- name: mariadb
  repository: https://charts.bitnami.com/bitnami
  version: 20.5.6
- name: mongodb
  repository: https://charts.bitnami.com/bitnami
  version: 16.5.11
- name: umbrella
  repository: https://eclipse-tractusx.github.io/charts/dev
  version: 2.14.1
- name: core-management
  repository: file://../stay-in-sync-core/core-management/target/helm/kubernetes/core-management
  version: 1.0.0-SNAPSHOT
- name: core-polling-node
  repository: file://../stay-in-sync-core/core-polling-node/target/helm/kubernetes/core-polling-node
  version: 1.0.0-SNAPSHOT
- name: core-sync-node
  repository: file://../stay-in-sync-core/core-sync-node/target/helm/kubernetes/core-sync-node
  version: 1.0.0-SNAPSHOT
- name: monitoring-backend
  repository: file://../stay-in-sync-monitoring/monitoring-backend/target/helm/kubernetes/monitoring-backend
  version: 1.0.0-SNAPSHOT
digest: sha256:f3cee5b5df533720b57cf09ee76dbb5675b6fb696151496e529fc077eef659f1
generated: "2025-08-06T14:05:13.735672519+02:00"
