dependencies:
- name: rabbitmq
  repository: https://charts.bitnami.com/bitnami
  version: 16.0.2
- name: mariadb
  repository: https://charts.bitnami.com/bitnami
  version: 20.5.6
- name: mongodb
  repository: https://charts.bitnami.com/bitnami
  version: 16.5.11
- name: umbrella
  repository: https://eclipse-tractusx.github.io/charts/dev
  version: 2.14.1
digest: sha256:71d1c3915b9f66c5753e233e01c4e3911f053a315ba61c04e86047473b4c0c5c
generated: "2025-07-21T15:54:48.540951+02:00"
